// !$*UTF8*$!
{
	archiveVersion = 1;
	classes = {
	};
	objectVersion = 46;
	objects = {

/* Begin PBXBuildFile section */
		00E356F31AD99517003FC87E /* mobileTests.m in Sources */ = {isa = PBXBuildFile; fileRef = 00E356F21AD99517003FC87E /* mobileTests.m */; };
		051C79A5EE31BD0D9742F85F /* libPods-mobile-tvOS.a in Frameworks */ = {isa = PBXBuildFile; fileRef = F75D1007A6A07A0D63DCD6CC /* libPods-mobile-tvOS.a */; };
		13B07FBC1A68108700A75B9A /* AppDelegate.m in Sources */ = {isa = PBXBuildFile; fileRef = 13B07FB01A68108700A75B9A /* AppDelegate.m */; };
		13B07FBF1A68108700A75B9A /* Images.xcassets in Resources */ = {isa = PBXBuildFile; fileRef = 13B07FB51A68108700A75B9A /* Images.xcassets */; };
		13B07FC11A68108700A75B9A /* main.m in Sources */ = {isa = PBXBuildFile; fileRef = 13B07FB71A68108700A75B9A /* main.m */; };
		181B37FB397A4A9ABC13E4A1 /* OpenSans-Light.ttf in Resources */ = {isa = PBXBuildFile; fileRef = 494BC02680564CE79E9546A2 /* OpenSans-Light.ttf */; };
		1CDA50D8ED5A4CCBBC5AE759 /* Roboto_medium.ttf in Resources */ = {isa = PBXBuildFile; fileRef = 36F68CAB22D742908712F58A /* Roboto_medium.ttf */; };
		20DBC9DCB3BC41A49AFBDBB9 /* Ionicons.ttf in Resources */ = {isa = PBXBuildFile; fileRef = 8D8A3665F50441B49336FC2B /* Ionicons.ttf */; };
		23DB514699774712A97DA8B4 /* Entypo.ttf in Resources */ = {isa = PBXBuildFile; fileRef = 7F5BC32E18334314BF9FBBEF /* Entypo.ttf */; };
		26787389FEF34FD3A17D2B6F /* OpenSans-SemiBold.ttf in Resources */ = {isa = PBXBuildFile; fileRef = 9DFF24B8E6C845A2AE89B672 /* OpenSans-SemiBold.ttf */; };
		299CA78EF844F96431B3A6C3 /* libPods-mobile-mobileTests.a in Frameworks */ = {isa = PBXBuildFile; fileRef = 5796B83E4C40B95114879752 /* libPods-mobile-mobileTests.a */; };
		2D02E4BC1E0B4A80006451C7 /* AppDelegate.m in Sources */ = {isa = PBXBuildFile; fileRef = 13B07FB01A68108700A75B9A /* AppDelegate.m */; };
		2D02E4BD1E0B4A84006451C7 /* Images.xcassets in Resources */ = {isa = PBXBuildFile; fileRef = 13B07FB51A68108700A75B9A /* Images.xcassets */; };
		2D02E4BF1E0B4AB3006451C7 /* main.m in Sources */ = {isa = PBXBuildFile; fileRef = 13B07FB71A68108700A75B9A /* main.m */; };
		2DCD954D1E0B4F2C00145EB5 /* mobileTests.m in Sources */ = {isa = PBXBuildFile; fileRef = 00E356F21AD99517003FC87E /* mobileTests.m */; };
		42EFE06BBC6949EE9F072B0E /* FontAwesome5_Brands.ttf in Resources */ = {isa = PBXBuildFile; fileRef = BC6D624909D74410B3E64B7F /* FontAwesome5_Brands.ttf */; };
		49B70875480E4A9995771756 /* Feather.ttf in Resources */ = {isa = PBXBuildFile; fileRef = AA9E2694D73245BE9CB91BBA /* Feather.ttf */; };
		4A858C3637894E72AD84E834 /* Fontisto.ttf in Resources */ = {isa = PBXBuildFile; fileRef = EA37740DC2C54ABDB2C9A4CB /* Fontisto.ttf */; };
		521992ADA9EE4E628674D09D /* FontAwesome.ttf in Resources */ = {isa = PBXBuildFile; fileRef = 556C2615DDC74948B2C78D1C /* FontAwesome.ttf */; };
		543FD2C93770444C9433CF36 /* FontAwesome5_Solid.ttf in Resources */ = {isa = PBXBuildFile; fileRef = 3BD8A0BAECD14DA58D416905 /* FontAwesome5_Solid.ttf */; };
		58521AF31F5443DA8ABEE31B /* OpenSans-BoldItalic.ttf in Resources */ = {isa = PBXBuildFile; fileRef = D6F373F3D2F042BB832BF267 /* OpenSans-BoldItalic.ttf */; };
		5CE176B69FF949708E37B8E3 /* Octicons.ttf in Resources */ = {isa = PBXBuildFile; fileRef = F4EAD217D55347A38CDECD34 /* Octicons.ttf */; };
		5D46CD7363A74E8697368CFE /* SimpleLineIcons.ttf in Resources */ = {isa = PBXBuildFile; fileRef = EDEAAEB810E34A8A86A4704C /* SimpleLineIcons.ttf */; };
		62804061D8914D868885417E /* FontAwesome5_Regular.ttf in Resources */ = {isa = PBXBuildFile; fileRef = F044B9785E4145A8814CD370 /* FontAwesome5_Regular.ttf */; };
		6D0D4263290147E284D5E260 /* OpenSans-Regular.ttf in Resources */ = {isa = PBXBuildFile; fileRef = 8D465898DD9F44ED8BB12414 /* OpenSans-Regular.ttf */; };
		72DDEB7AC4E34D04AAC8BB9E /* OpenSans-LightItalic.ttf in Resources */ = {isa = PBXBuildFile; fileRef = EAB2B83DEAE94DA0B88F83CD /* OpenSans-LightItalic.ttf */; };
		7BB7385CFB434DF482A10D25 /* Zocial.ttf in Resources */ = {isa = PBXBuildFile; fileRef = DA26B33CAF1C4931B3D2334E /* Zocial.ttf */; };
		7DA293D5806D45E496A756B5 /* MaterialIcons.ttf in Resources */ = {isa = PBXBuildFile; fileRef = 20A40846BBB14C2C92F066D1 /* MaterialIcons.ttf */; };
		81AB9BB82411601600AC10FF /* LaunchScreen.storyboard in Resources */ = {isa = PBXBuildFile; fileRef = 81AB9BB72411601600AC10FF /* LaunchScreen.storyboard */; };
		98CCE06C4C4044E68640A2FD /* OpenSans-Bold.ttf in Resources */ = {isa = PBXBuildFile; fileRef = 26D5F369FE0942F286660BDB /* OpenSans-Bold.ttf */; };
		9A522EFC7D47427CB9CD559B /* MaterialCommunityIcons.ttf in Resources */ = {isa = PBXBuildFile; fileRef = 37CDF5199BFF4CD1B83C1E2B /* MaterialCommunityIcons.ttf */; };
		A4FD22DC11074DC6B95D1028 /* Roboto.ttf in Resources */ = {isa = PBXBuildFile; fileRef = 7E5F44C118214BCDB6A2F6ED /* Roboto.ttf */; };
		A96A221CA8CD4362912E94D2 /* OpenSans-SemiBoldItalic.ttf in Resources */ = {isa = PBXBuildFile; fileRef = B50AF9BF14A943D3963BCDD4 /* OpenSans-SemiBoldItalic.ttf */; };
		A9FCA0FDB32D4740B46A6EA5 /* OpenSans-ExtraBold.ttf in Resources */ = {isa = PBXBuildFile; fileRef = 7F029803682647789DF0A3A1 /* OpenSans-ExtraBold.ttf */; };
		AC56686E8F9F415A96871A0C /* EvilIcons.ttf in Resources */ = {isa = PBXBuildFile; fileRef = 0696C6B9A8F14DC181D3D8E3 /* EvilIcons.ttf */; };
		B148A68B54694058836AB301 /* Foundation.ttf in Resources */ = {isa = PBXBuildFile; fileRef = 050146BE48024A13A15EF49F /* Foundation.ttf */; };
		C3E66F968D9DA8837F7ACFF9 /* libPods-mobile-tvOSTests.a in Frameworks */ = {isa = PBXBuildFile; fileRef = F44EE20054B676DC1190F4FD /* libPods-mobile-tvOSTests.a */; };
		D7C188D50B194D3289818025 /* AntDesign.ttf in Resources */ = {isa = PBXBuildFile; fileRef = D43381E4F3C74C67B7BD92B8 /* AntDesign.ttf */; };
		DCCA7EEDC5A04B3D9AF727BA /* OpenSans-Italic.ttf in Resources */ = {isa = PBXBuildFile; fileRef = F7CD86AE9FD04A7B8182D9B4 /* OpenSans-Italic.ttf */; };
		DE776B37CF8F4B5B90883D3F /* OpenSans-ExtraBoldItalic.ttf in Resources */ = {isa = PBXBuildFile; fileRef = C0B1D4911DC54272B0CEF960 /* OpenSans-ExtraBoldItalic.ttf */; };
		E6D7D269781045BC91D53091 /* rubicon-icon-font.ttf in Resources */ = {isa = PBXBuildFile; fileRef = 7ECD250F7DF04749805CD236 /* rubicon-icon-font.ttf */; };
		F6E25F7D848985CAF6F9CE2F /* libPods-mobile.a in Frameworks */ = {isa = PBXBuildFile; fileRef = B64F411C18D6C57B6C158E40 /* libPods-mobile.a */; };
/* End PBXBuildFile section */

/* Begin PBXContainerItemProxy section */
		00E356F41AD99517003FC87E /* PBXContainerItemProxy */ = {
			isa = PBXContainerItemProxy;
			containerPortal = 83CBB9F71A601CBA00E9B192 /* Project object */;
			proxyType = 1;
			remoteGlobalIDString = 13B07F861A680F5B00A75B9A;
			remoteInfo = mobile;
		};
		2D02E4911E0B4A5D006451C7 /* PBXContainerItemProxy */ = {
			isa = PBXContainerItemProxy;
			containerPortal = 83CBB9F71A601CBA00E9B192 /* Project object */;
			proxyType = 1;
			remoteGlobalIDString = 2D02E47A1E0B4A5D006451C7;
			remoteInfo = "mobile-tvOS";
		};
/* End PBXContainerItemProxy section */

/* Begin PBXFileReference section */
		008F07F21AC5B25A0029DE68 /* main.jsbundle */ = {isa = PBXFileReference; fileEncoding = 4; lastKnownFileType = text; path = main.jsbundle; sourceTree = "<group>"; };
		00E356EE1AD99517003FC87E /* mobileTests.xctest */ = {isa = PBXFileReference; explicitFileType = wrapper.cfbundle; includeInIndex = 0; path = mobileTests.xctest; sourceTree = BUILT_PRODUCTS_DIR; };
		00E356F11AD99517003FC87E /* Info.plist */ = {isa = PBXFileReference; lastKnownFileType = text.plist.xml; path = Info.plist; sourceTree = "<group>"; };
		00E356F21AD99517003FC87E /* mobileTests.m */ = {isa = PBXFileReference; lastKnownFileType = sourcecode.c.objc; path = mobileTests.m; sourceTree = "<group>"; };
		050146BE48024A13A15EF49F /* Foundation.ttf */ = {isa = PBXFileReference; explicitFileType = undefined; fileEncoding = 9; includeInIndex = 0; lastKnownFileType = unknown; name = Foundation.ttf; path = "../node_modules/native-base/Fonts/Foundation.ttf"; sourceTree = "<group>"; };
		0696C6B9A8F14DC181D3D8E3 /* EvilIcons.ttf */ = {isa = PBXFileReference; explicitFileType = undefined; fileEncoding = 9; includeInIndex = 0; lastKnownFileType = unknown; name = EvilIcons.ttf; path = "../node_modules/native-base/Fonts/EvilIcons.ttf"; sourceTree = "<group>"; };
		0C0239EA0077ED5BC0FFBB86 /* Pods-mobile-tvOSTests.debug.xcconfig */ = {isa = PBXFileReference; includeInIndex = 1; lastKnownFileType = text.xcconfig; name = "Pods-mobile-tvOSTests.debug.xcconfig"; path = "Target Support Files/Pods-mobile-tvOSTests/Pods-mobile-tvOSTests.debug.xcconfig"; sourceTree = "<group>"; };
		13B07F961A680F5B00A75B9A /* mobile.app */ = {isa = PBXFileReference; explicitFileType = wrapper.application; includeInIndex = 0; path = mobile.app; sourceTree = BUILT_PRODUCTS_DIR; };
		13B07FAF1A68108700A75B9A /* AppDelegate.h */ = {isa = PBXFileReference; fileEncoding = 4; lastKnownFileType = sourcecode.c.h; name = AppDelegate.h; path = mobile/AppDelegate.h; sourceTree = "<group>"; };
		13B07FB01A68108700A75B9A /* AppDelegate.m */ = {isa = PBXFileReference; fileEncoding = 4; lastKnownFileType = sourcecode.c.objc; name = AppDelegate.m; path = mobile/AppDelegate.m; sourceTree = "<group>"; };
		13B07FB51A68108700A75B9A /* Images.xcassets */ = {isa = PBXFileReference; lastKnownFileType = folder.assetcatalog; name = Images.xcassets; path = mobile/Images.xcassets; sourceTree = "<group>"; };
		13B07FB61A68108700A75B9A /* Info.plist */ = {isa = PBXFileReference; fileEncoding = 4; lastKnownFileType = text.plist.xml; name = Info.plist; path = mobile/Info.plist; sourceTree = "<group>"; };
		13B07FB71A68108700A75B9A /* main.m */ = {isa = PBXFileReference; fileEncoding = 4; lastKnownFileType = sourcecode.c.objc; name = main.m; path = mobile/main.m; sourceTree = "<group>"; };
		20A40846BBB14C2C92F066D1 /* MaterialIcons.ttf */ = {isa = PBXFileReference; explicitFileType = undefined; fileEncoding = 9; includeInIndex = 0; lastKnownFileType = unknown; name = MaterialIcons.ttf; path = "../node_modules/native-base/Fonts/MaterialIcons.ttf"; sourceTree = "<group>"; };
		26D5F369FE0942F286660BDB /* OpenSans-Bold.ttf */ = {isa = PBXFileReference; explicitFileType = undefined; fileEncoding = 9; includeInIndex = 0; lastKnownFileType = unknown; name = "OpenSans-Bold.ttf"; path = "../assets/fonts/OpenSans-Bold.ttf"; sourceTree = "<group>"; };
		2858AA9B428DC1262838D878 /* Pods-mobile.debug.xcconfig */ = {isa = PBXFileReference; includeInIndex = 1; lastKnownFileType = text.xcconfig; name = "Pods-mobile.debug.xcconfig"; path = "Target Support Files/Pods-mobile/Pods-mobile.debug.xcconfig"; sourceTree = "<group>"; };
		2D02E47B1E0B4A5D006451C7 /* mobile-tvOS.app */ = {isa = PBXFileReference; explicitFileType = wrapper.application; includeInIndex = 0; path = "mobile-tvOS.app"; sourceTree = BUILT_PRODUCTS_DIR; };
		2D02E4901E0B4A5D006451C7 /* mobile-tvOSTests.xctest */ = {isa = PBXFileReference; explicitFileType = wrapper.cfbundle; includeInIndex = 0; path = "mobile-tvOSTests.xctest"; sourceTree = BUILT_PRODUCTS_DIR; };
		36F68CAB22D742908712F58A /* Roboto_medium.ttf */ = {isa = PBXFileReference; explicitFileType = undefined; fileEncoding = 9; includeInIndex = 0; lastKnownFileType = unknown; name = Roboto_medium.ttf; path = "../node_modules/native-base/Fonts/Roboto_medium.ttf"; sourceTree = "<group>"; };
		37CDF5199BFF4CD1B83C1E2B /* MaterialCommunityIcons.ttf */ = {isa = PBXFileReference; explicitFileType = undefined; fileEncoding = 9; includeInIndex = 0; lastKnownFileType = unknown; name = MaterialCommunityIcons.ttf; path = "../node_modules/native-base/Fonts/MaterialCommunityIcons.ttf"; sourceTree = "<group>"; };
		3BD8A0BAECD14DA58D416905 /* FontAwesome5_Solid.ttf */ = {isa = PBXFileReference; explicitFileType = undefined; fileEncoding = 9; includeInIndex = 0; lastKnownFileType = unknown; name = FontAwesome5_Solid.ttf; path = "../node_modules/native-base/Fonts/FontAwesome5_Solid.ttf"; sourceTree = "<group>"; };
		494BC02680564CE79E9546A2 /* OpenSans-Light.ttf */ = {isa = PBXFileReference; explicitFileType = undefined; fileEncoding = 9; includeInIndex = 0; lastKnownFileType = unknown; name = "OpenSans-Light.ttf"; path = "../assets/fonts/OpenSans-Light.ttf"; sourceTree = "<group>"; };
		556C2615DDC74948B2C78D1C /* FontAwesome.ttf */ = {isa = PBXFileReference; explicitFileType = undefined; fileEncoding = 9; includeInIndex = 0; lastKnownFileType = unknown; name = FontAwesome.ttf; path = "../node_modules/native-base/Fonts/FontAwesome.ttf"; sourceTree = "<group>"; };
		5796B83E4C40B95114879752 /* libPods-mobile-mobileTests.a */ = {isa = PBXFileReference; explicitFileType = archive.ar; includeInIndex = 0; path = "libPods-mobile-mobileTests.a"; sourceTree = BUILT_PRODUCTS_DIR; };
		57AF87A3D5676B0F11C0C5F1 /* Pods-mobile-mobileTests.release.xcconfig */ = {isa = PBXFileReference; includeInIndex = 1; lastKnownFileType = text.xcconfig; name = "Pods-mobile-mobileTests.release.xcconfig"; path = "Target Support Files/Pods-mobile-mobileTests/Pods-mobile-mobileTests.release.xcconfig"; sourceTree = "<group>"; };
		7E5F44C118214BCDB6A2F6ED /* Roboto.ttf */ = {isa = PBXFileReference; explicitFileType = undefined; fileEncoding = 9; includeInIndex = 0; lastKnownFileType = unknown; name = Roboto.ttf; path = "../node_modules/native-base/Fonts/Roboto.ttf"; sourceTree = "<group>"; };
		7ECD250F7DF04749805CD236 /* rubicon-icon-font.ttf */ = {isa = PBXFileReference; explicitFileType = undefined; fileEncoding = 9; includeInIndex = 0; lastKnownFileType = unknown; name = "rubicon-icon-font.ttf"; path = "../node_modules/native-base/Fonts/rubicon-icon-font.ttf"; sourceTree = "<group>"; };
		7F029803682647789DF0A3A1 /* OpenSans-ExtraBold.ttf */ = {isa = PBXFileReference; explicitFileType = undefined; fileEncoding = 9; includeInIndex = 0; lastKnownFileType = unknown; name = "OpenSans-ExtraBold.ttf"; path = "../assets/fonts/OpenSans-ExtraBold.ttf"; sourceTree = "<group>"; };
		7F5BC32E18334314BF9FBBEF /* Entypo.ttf */ = {isa = PBXFileReference; explicitFileType = undefined; fileEncoding = 9; includeInIndex = 0; lastKnownFileType = unknown; name = Entypo.ttf; path = "../node_modules/native-base/Fonts/Entypo.ttf"; sourceTree = "<group>"; };
		81AB9BB72411601600AC10FF /* LaunchScreen.storyboard */ = {isa = PBXFileReference; fileEncoding = 4; lastKnownFileType = file.storyboard; name = LaunchScreen.storyboard; path = mobile/LaunchScreen.storyboard; sourceTree = "<group>"; };
		82CE4EE3062B177CF292DE80 /* Pods-mobile.release.xcconfig */ = {isa = PBXFileReference; includeInIndex = 1; lastKnownFileType = text.xcconfig; name = "Pods-mobile.release.xcconfig"; path = "Target Support Files/Pods-mobile/Pods-mobile.release.xcconfig"; sourceTree = "<group>"; };
		8D465898DD9F44ED8BB12414 /* OpenSans-Regular.ttf */ = {isa = PBXFileReference; explicitFileType = undefined; fileEncoding = 9; includeInIndex = 0; lastKnownFileType = unknown; name = "OpenSans-Regular.ttf"; path = "../assets/fonts/OpenSans-Regular.ttf"; sourceTree = "<group>"; };
		8D8A3665F50441B49336FC2B /* Ionicons.ttf */ = {isa = PBXFileReference; explicitFileType = undefined; fileEncoding = 9; includeInIndex = 0; lastKnownFileType = unknown; name = Ionicons.ttf; path = "../node_modules/native-base/Fonts/Ionicons.ttf"; sourceTree = "<group>"; };
		9198B9D43C0B5509AA3A3647 /* Pods-mobile-tvOS.debug.xcconfig */ = {isa = PBXFileReference; includeInIndex = 1; lastKnownFileType = text.xcconfig; name = "Pods-mobile-tvOS.debug.xcconfig"; path = "Target Support Files/Pods-mobile-tvOS/Pods-mobile-tvOS.debug.xcconfig"; sourceTree = "<group>"; };
		9570BFA84944FC825DAD580E /* Pods-mobile-tvOS.release.xcconfig */ = {isa = PBXFileReference; includeInIndex = 1; lastKnownFileType = text.xcconfig; name = "Pods-mobile-tvOS.release.xcconfig"; path = "Target Support Files/Pods-mobile-tvOS/Pods-mobile-tvOS.release.xcconfig"; sourceTree = "<group>"; };
		9DFF24B8E6C845A2AE89B672 /* OpenSans-SemiBold.ttf */ = {isa = PBXFileReference; explicitFileType = undefined; fileEncoding = 9; includeInIndex = 0; lastKnownFileType = unknown; name = "OpenSans-SemiBold.ttf"; path = "../assets/fonts/OpenSans-SemiBold.ttf"; sourceTree = "<group>"; };
		AA9E2694D73245BE9CB91BBA /* Feather.ttf */ = {isa = PBXFileReference; explicitFileType = undefined; fileEncoding = 9; includeInIndex = 0; lastKnownFileType = unknown; name = Feather.ttf; path = "../node_modules/native-base/Fonts/Feather.ttf"; sourceTree = "<group>"; };
		B50AF9BF14A943D3963BCDD4 /* OpenSans-SemiBoldItalic.ttf */ = {isa = PBXFileReference; explicitFileType = undefined; fileEncoding = 9; includeInIndex = 0; lastKnownFileType = unknown; name = "OpenSans-SemiBoldItalic.ttf"; path = "../assets/fonts/OpenSans-SemiBoldItalic.ttf"; sourceTree = "<group>"; };
		B64F411C18D6C57B6C158E40 /* libPods-mobile.a */ = {isa = PBXFileReference; explicitFileType = archive.ar; includeInIndex = 0; path = "libPods-mobile.a"; sourceTree = BUILT_PRODUCTS_DIR; };
		BC6D624909D74410B3E64B7F /* FontAwesome5_Brands.ttf */ = {isa = PBXFileReference; explicitFileType = undefined; fileEncoding = 9; includeInIndex = 0; lastKnownFileType = unknown; name = FontAwesome5_Brands.ttf; path = "../node_modules/native-base/Fonts/FontAwesome5_Brands.ttf"; sourceTree = "<group>"; };
		C0B1D4911DC54272B0CEF960 /* OpenSans-ExtraBoldItalic.ttf */ = {isa = PBXFileReference; explicitFileType = undefined; fileEncoding = 9; includeInIndex = 0; lastKnownFileType = unknown; name = "OpenSans-ExtraBoldItalic.ttf"; path = "../assets/fonts/OpenSans-ExtraBoldItalic.ttf"; sourceTree = "<group>"; };
		D0769F870AC122477DF5A18B /* Pods-mobile-mobileTests.debug.xcconfig */ = {isa = PBXFileReference; includeInIndex = 1; lastKnownFileType = text.xcconfig; name = "Pods-mobile-mobileTests.debug.xcconfig"; path = "Target Support Files/Pods-mobile-mobileTests/Pods-mobile-mobileTests.debug.xcconfig"; sourceTree = "<group>"; };
		D43381E4F3C74C67B7BD92B8 /* AntDesign.ttf */ = {isa = PBXFileReference; explicitFileType = undefined; fileEncoding = 9; includeInIndex = 0; lastKnownFileType = unknown; name = AntDesign.ttf; path = "../node_modules/native-base/Fonts/AntDesign.ttf"; sourceTree = "<group>"; };
		D6F373F3D2F042BB832BF267 /* OpenSans-BoldItalic.ttf */ = {isa = PBXFileReference; explicitFileType = undefined; fileEncoding = 9; includeInIndex = 0; lastKnownFileType = unknown; name = "OpenSans-BoldItalic.ttf"; path = "../assets/fonts/OpenSans-BoldItalic.ttf"; sourceTree = "<group>"; };
		DA26B33CAF1C4931B3D2334E /* Zocial.ttf */ = {isa = PBXFileReference; explicitFileType = undefined; fileEncoding = 9; includeInIndex = 0; lastKnownFileType = unknown; name = Zocial.ttf; path = "../node_modules/native-base/Fonts/Zocial.ttf"; sourceTree = "<group>"; };
		E7C1B7BAB23261036BED8D68 /* Pods-mobile-tvOSTests.release.xcconfig */ = {isa = PBXFileReference; includeInIndex = 1; lastKnownFileType = text.xcconfig; name = "Pods-mobile-tvOSTests.release.xcconfig"; path = "Target Support Files/Pods-mobile-tvOSTests/Pods-mobile-tvOSTests.release.xcconfig"; sourceTree = "<group>"; };
		EA37740DC2C54ABDB2C9A4CB /* Fontisto.ttf */ = {isa = PBXFileReference; explicitFileType = undefined; fileEncoding = 9; includeInIndex = 0; lastKnownFileType = unknown; name = Fontisto.ttf; path = "../node_modules/native-base/Fonts/Fontisto.ttf"; sourceTree = "<group>"; };
		EAB2B83DEAE94DA0B88F83CD /* OpenSans-LightItalic.ttf */ = {isa = PBXFileReference; explicitFileType = undefined; fileEncoding = 9; includeInIndex = 0; lastKnownFileType = unknown; name = "OpenSans-LightItalic.ttf"; path = "../assets/fonts/OpenSans-LightItalic.ttf"; sourceTree = "<group>"; };
		ED297162215061F000B7C4FE /* JavaScriptCore.framework */ = {isa = PBXFileReference; lastKnownFileType = wrapper.framework; name = JavaScriptCore.framework; path = System/Library/Frameworks/JavaScriptCore.framework; sourceTree = SDKROOT; };
		ED2971642150620600B7C4FE /* JavaScriptCore.framework */ = {isa = PBXFileReference; lastKnownFileType = wrapper.framework; name = JavaScriptCore.framework; path = Platforms/AppleTVOS.platform/Developer/SDKs/AppleTVOS12.0.sdk/System/Library/Frameworks/JavaScriptCore.framework; sourceTree = DEVELOPER_DIR; };
		EDEAAEB810E34A8A86A4704C /* SimpleLineIcons.ttf */ = {isa = PBXFileReference; explicitFileType = undefined; fileEncoding = 9; includeInIndex = 0; lastKnownFileType = unknown; name = SimpleLineIcons.ttf; path = "../node_modules/native-base/Fonts/SimpleLineIcons.ttf"; sourceTree = "<group>"; };
		F044B9785E4145A8814CD370 /* FontAwesome5_Regular.ttf */ = {isa = PBXFileReference; explicitFileType = undefined; fileEncoding = 9; includeInIndex = 0; lastKnownFileType = unknown; name = FontAwesome5_Regular.ttf; path = "../node_modules/native-base/Fonts/FontAwesome5_Regular.ttf"; sourceTree = "<group>"; };
		F44EE20054B676DC1190F4FD /* libPods-mobile-tvOSTests.a */ = {isa = PBXFileReference; explicitFileType = archive.ar; includeInIndex = 0; path = "libPods-mobile-tvOSTests.a"; sourceTree = BUILT_PRODUCTS_DIR; };
		F4EAD217D55347A38CDECD34 /* Octicons.ttf */ = {isa = PBXFileReference; explicitFileType = undefined; fileEncoding = 9; includeInIndex = 0; lastKnownFileType = unknown; name = Octicons.ttf; path = "../node_modules/native-base/Fonts/Octicons.ttf"; sourceTree = "<group>"; };
		F75D1007A6A07A0D63DCD6CC /* libPods-mobile-tvOS.a */ = {isa = PBXFileReference; explicitFileType = archive.ar; includeInIndex = 0; path = "libPods-mobile-tvOS.a"; sourceTree = BUILT_PRODUCTS_DIR; };
		F7CD86AE9FD04A7B8182D9B4 /* OpenSans-Italic.ttf */ = {isa = PBXFileReference; explicitFileType = undefined; fileEncoding = 9; includeInIndex = 0; lastKnownFileType = unknown; name = "OpenSans-Italic.ttf"; path = "../assets/fonts/OpenSans-Italic.ttf"; sourceTree = "<group>"; };
/* End PBXFileReference section */

/* Begin PBXFrameworksBuildPhase section */
		00E356EB1AD99517003FC87E /* Frameworks */ = {
			isa = PBXFrameworksBuildPhase;
			buildActionMask = 2147483647;
			files = (
				299CA78EF844F96431B3A6C3 /* libPods-mobile-mobileTests.a in Frameworks */,
			);
			runOnlyForDeploymentPostprocessing = 0;
		};
		13B07F8C1A680F5B00A75B9A /* Frameworks */ = {
			isa = PBXFrameworksBuildPhase;
			buildActionMask = 2147483647;
			files = (
				F6E25F7D848985CAF6F9CE2F /* libPods-mobile.a in Frameworks */,
			);
			runOnlyForDeploymentPostprocessing = 0;
		};
		2D02E4781E0B4A5D006451C7 /* Frameworks */ = {
			isa = PBXFrameworksBuildPhase;
			buildActionMask = 2147483647;
			files = (
				051C79A5EE31BD0D9742F85F /* libPods-mobile-tvOS.a in Frameworks */,
			);
			runOnlyForDeploymentPostprocessing = 0;
		};
		2D02E48D1E0B4A5D006451C7 /* Frameworks */ = {
			isa = PBXFrameworksBuildPhase;
			buildActionMask = 2147483647;
			files = (
				C3E66F968D9DA8837F7ACFF9 /* libPods-mobile-tvOSTests.a in Frameworks */,
			);
			runOnlyForDeploymentPostprocessing = 0;
		};
/* End PBXFrameworksBuildPhase section */

/* Begin PBXGroup section */
		00E356EF1AD99517003FC87E /* mobileTests */ = {
			isa = PBXGroup;
			children = (
				00E356F21AD99517003FC87E /* mobileTests.m */,
				00E356F01AD99517003FC87E /* Supporting Files */,
			);
			path = mobileTests;
			sourceTree = "<group>";
		};
		00E356F01AD99517003FC87E /* Supporting Files */ = {
			isa = PBXGroup;
			children = (
				00E356F11AD99517003FC87E /* Info.plist */,
			);
			name = "Supporting Files";
			sourceTree = "<group>";
		};
		13B07FAE1A68108700A75B9A /* mobile */ = {
			isa = PBXGroup;
			children = (
				008F07F21AC5B25A0029DE68 /* main.jsbundle */,
				13B07FAF1A68108700A75B9A /* AppDelegate.h */,
				13B07FB01A68108700A75B9A /* AppDelegate.m */,
				13B07FB51A68108700A75B9A /* Images.xcassets */,
				13B07FB61A68108700A75B9A /* Info.plist */,
				81AB9BB72411601600AC10FF /* LaunchScreen.storyboard */,
				13B07FB71A68108700A75B9A /* main.m */,
			);
			name = mobile;
			sourceTree = "<group>";
		};
		2D16E6871FA4F8E400B85C8A /* Frameworks */ = {
			isa = PBXGroup;
			children = (
				ED297162215061F000B7C4FE /* JavaScriptCore.framework */,
				ED2971642150620600B7C4FE /* JavaScriptCore.framework */,
				B64F411C18D6C57B6C158E40 /* libPods-mobile.a */,
				5796B83E4C40B95114879752 /* libPods-mobile-mobileTests.a */,
				F75D1007A6A07A0D63DCD6CC /* libPods-mobile-tvOS.a */,
				F44EE20054B676DC1190F4FD /* libPods-mobile-tvOSTests.a */,
			);
			name = Frameworks;
			sourceTree = "<group>";
		};
		832341AE1AAA6A7D00B99B32 /* Libraries */ = {
			isa = PBXGroup;
			children = (
			);
			name = Libraries;
			sourceTree = "<group>";
		};
		83CBB9F61A601CBA00E9B192 = {
			isa = PBXGroup;
			children = (
				13B07FAE1A68108700A75B9A /* mobile */,
				832341AE1AAA6A7D00B99B32 /* Libraries */,
				00E356EF1AD99517003FC87E /* mobileTests */,
				83CBBA001A601CBA00E9B192 /* Products */,
				2D16E6871FA4F8E400B85C8A /* Frameworks */,
				FFD8D38E48DD1F0188A2C3A9 /* Pods */,
				C748AD682C7B44FFA927C0E9 /* Resources */,
			);
			indentWidth = 2;
			sourceTree = "<group>";
			tabWidth = 2;
			usesTabs = 0;
		};
		83CBBA001A601CBA00E9B192 /* Products */ = {
			isa = PBXGroup;
			children = (
				13B07F961A680F5B00A75B9A /* mobile.app */,
				00E356EE1AD99517003FC87E /* mobileTests.xctest */,
				2D02E47B1E0B4A5D006451C7 /* mobile-tvOS.app */,
				2D02E4901E0B4A5D006451C7 /* mobile-tvOSTests.xctest */,
			);
			name = Products;
			sourceTree = "<group>";
		};
		C748AD682C7B44FFA927C0E9 /* Resources */ = {
			isa = PBXGroup;
			children = (
				26D5F369FE0942F286660BDB /* OpenSans-Bold.ttf */,
				D6F373F3D2F042BB832BF267 /* OpenSans-BoldItalic.ttf */,
				7F029803682647789DF0A3A1 /* OpenSans-ExtraBold.ttf */,
				C0B1D4911DC54272B0CEF960 /* OpenSans-ExtraBoldItalic.ttf */,
				F7CD86AE9FD04A7B8182D9B4 /* OpenSans-Italic.ttf */,
				494BC02680564CE79E9546A2 /* OpenSans-Light.ttf */,
				EAB2B83DEAE94DA0B88F83CD /* OpenSans-LightItalic.ttf */,
				8D465898DD9F44ED8BB12414 /* OpenSans-Regular.ttf */,
				9DFF24B8E6C845A2AE89B672 /* OpenSans-SemiBold.ttf */,
				B50AF9BF14A943D3963BCDD4 /* OpenSans-SemiBoldItalic.ttf */,
				D43381E4F3C74C67B7BD92B8 /* AntDesign.ttf */,
				7F5BC32E18334314BF9FBBEF /* Entypo.ttf */,
				0696C6B9A8F14DC181D3D8E3 /* EvilIcons.ttf */,
				AA9E2694D73245BE9CB91BBA /* Feather.ttf */,
				556C2615DDC74948B2C78D1C /* FontAwesome.ttf */,
				BC6D624909D74410B3E64B7F /* FontAwesome5_Brands.ttf */,
				F044B9785E4145A8814CD370 /* FontAwesome5_Regular.ttf */,
				3BD8A0BAECD14DA58D416905 /* FontAwesome5_Solid.ttf */,
				EA37740DC2C54ABDB2C9A4CB /* Fontisto.ttf */,
				050146BE48024A13A15EF49F /* Foundation.ttf */,
				8D8A3665F50441B49336FC2B /* Ionicons.ttf */,
				37CDF5199BFF4CD1B83C1E2B /* MaterialCommunityIcons.ttf */,
				20A40846BBB14C2C92F066D1 /* MaterialIcons.ttf */,
				F4EAD217D55347A38CDECD34 /* Octicons.ttf */,
				36F68CAB22D742908712F58A /* Roboto_medium.ttf */,
				7E5F44C118214BCDB6A2F6ED /* Roboto.ttf */,
				7ECD250F7DF04749805CD236 /* rubicon-icon-font.ttf */,
				EDEAAEB810E34A8A86A4704C /* SimpleLineIcons.ttf */,
				DA26B33CAF1C4931B3D2334E /* Zocial.ttf */,
			);
			name = Resources;
			sourceTree = "<group>";
		};
		FFD8D38E48DD1F0188A2C3A9 /* Pods */ = {
			isa = PBXGroup;
			children = (
				2858AA9B428DC1262838D878 /* Pods-mobile.debug.xcconfig */,
				82CE4EE3062B177CF292DE80 /* Pods-mobile.release.xcconfig */,
				D0769F870AC122477DF5A18B /* Pods-mobile-mobileTests.debug.xcconfig */,
				57AF87A3D5676B0F11C0C5F1 /* Pods-mobile-mobileTests.release.xcconfig */,
				9198B9D43C0B5509AA3A3647 /* Pods-mobile-tvOS.debug.xcconfig */,
				9570BFA84944FC825DAD580E /* Pods-mobile-tvOS.release.xcconfig */,
				0C0239EA0077ED5BC0FFBB86 /* Pods-mobile-tvOSTests.debug.xcconfig */,
				E7C1B7BAB23261036BED8D68 /* Pods-mobile-tvOSTests.release.xcconfig */,
			);
			path = Pods;
			sourceTree = "<group>";
		};
/* End PBXGroup section */

/* Begin PBXNativeTarget section */
		00E356ED1AD99517003FC87E /* mobileTests */ = {
			isa = PBXNativeTarget;
			buildConfigurationList = 00E357021AD99517003FC87E /* Build configuration list for PBXNativeTarget "mobileTests" */;
			buildPhases = (
				3606F99E4867AAA5210506BD /* [CP] Check Pods Manifest.lock */,
				00E356EA1AD99517003FC87E /* Sources */,
				00E356EB1AD99517003FC87E /* Frameworks */,
				00E356EC1AD99517003FC87E /* Resources */,
				78E213E20CAB4B97E780BAC5 /* [CP] Copy Pods Resources */,
				77561C71F466FCED07F4ABE1 /* [CP] Embed Pods Frameworks */,
			);
			buildRules = (
			);
			dependencies = (
				00E356F51AD99517003FC87E /* PBXTargetDependency */,
			);
			name = mobileTests;
			productName = mobileTests;
			productReference = 00E356EE1AD99517003FC87E /* mobileTests.xctest */;
			productType = "com.apple.product-type.bundle.unit-test";
		};
		13B07F861A680F5B00A75B9A /* mobile */ = {
			isa = PBXNativeTarget;
			buildConfigurationList = 13B07F931A680F5B00A75B9A /* Build configuration list for PBXNativeTarget "mobile" */;
			buildPhases = (
				FA345A08DA14084C6353A164 /* [CP] Check Pods Manifest.lock */,
				FD10A7F022414F080027D42C /* Start Packager */,
				13B07F871A680F5B00A75B9A /* Sources */,
				13B07F8C1A680F5B00A75B9A /* Frameworks */,
				13B07F8E1A680F5B00A75B9A /* Resources */,
				00DD1BFF1BD5951E006B06BC /* Bundle React Native code and images */,
				788340AF2C5D6ABE900B7C76 /* [CP] Copy Pods Resources */,
				479E7D537AD40DE3B7534B2E /* [CP] Embed Pods Frameworks */,
			);
			buildRules = (
			);
			dependencies = (
			);
			name = mobile;
			productName = mobile;
			productReference = 13B07F961A680F5B00A75B9A /* mobile.app */;
			productType = "com.apple.product-type.application";
		};
		2D02E47A1E0B4A5D006451C7 /* mobile-tvOS */ = {
			isa = PBXNativeTarget;
			buildConfigurationList = 2D02E4BA1E0B4A5E006451C7 /* Build configuration list for PBXNativeTarget "mobile-tvOS" */;
			buildPhases = (
				1BC81F9B06198ADAD4E94059 /* [CP] Check Pods Manifest.lock */,
				FD10A7F122414F3F0027D42C /* Start Packager */,
				2D02E4771E0B4A5D006451C7 /* Sources */,
				2D02E4781E0B4A5D006451C7 /* Frameworks */,
				2D02E4791E0B4A5D006451C7 /* Resources */,
				2D02E4CB1E0B4B27006451C7 /* Bundle React Native Code And Images */,
			);
			buildRules = (
			);
			dependencies = (
			);
			name = "mobile-tvOS";
			productName = "mobile-tvOS";
			productReference = 2D02E47B1E0B4A5D006451C7 /* mobile-tvOS.app */;
			productType = "com.apple.product-type.application";
		};
		2D02E48F1E0B4A5D006451C7 /* mobile-tvOSTests */ = {
			isa = PBXNativeTarget;
			buildConfigurationList = 2D02E4BB1E0B4A5E006451C7 /* Build configuration list for PBXNativeTarget "mobile-tvOSTests" */;
			buildPhases = (
				1537EB9B07969B55A612D67A /* [CP] Check Pods Manifest.lock */,
				2D02E48C1E0B4A5D006451C7 /* Sources */,
				2D02E48D1E0B4A5D006451C7 /* Frameworks */,
				2D02E48E1E0B4A5D006451C7 /* Resources */,
			);
			buildRules = (
			);
			dependencies = (
				2D02E4921E0B4A5D006451C7 /* PBXTargetDependency */,
			);
			name = "mobile-tvOSTests";
			productName = "mobile-tvOSTests";
			productReference = 2D02E4901E0B4A5D006451C7 /* mobile-tvOSTests.xctest */;
			productType = "com.apple.product-type.bundle.unit-test";
		};
/* End PBXNativeTarget section */

/* Begin PBXProject section */
		83CBB9F71A601CBA00E9B192 /* Project object */ = {
			isa = PBXProject;
			attributes = {
				LastUpgradeCheck = 1130;
				TargetAttributes = {
					00E356ED1AD99517003FC87E = {
						CreatedOnToolsVersion = 6.2;
						TestTargetID = 13B07F861A680F5B00A75B9A;
					};
					13B07F861A680F5B00A75B9A = {
						DevelopmentTeam = J3467973V9;
						LastSwiftMigration = 1120;
					};
					2D02E47A1E0B4A5D006451C7 = {
						CreatedOnToolsVersion = 8.2.1;
						ProvisioningStyle = Automatic;
					};
					2D02E48F1E0B4A5D006451C7 = {
						CreatedOnToolsVersion = 8.2.1;
						ProvisioningStyle = Automatic;
						TestTargetID = 2D02E47A1E0B4A5D006451C7;
					};
				};
			};
			buildConfigurationList = 83CBB9FA1A601CBA00E9B192 /* Build configuration list for PBXProject "mobile" */;
			compatibilityVersion = "Xcode 3.2";
			developmentRegion = en;
			hasScannedForEncodings = 0;
			knownRegions = (
				en,
				Base,
			);
			mainGroup = 83CBB9F61A601CBA00E9B192;
			productRefGroup = 83CBBA001A601CBA00E9B192 /* Products */;
			projectDirPath = "";
			projectRoot = "";
			targets = (
				13B07F861A680F5B00A75B9A /* mobile */,
				00E356ED1AD99517003FC87E /* mobileTests */,
				2D02E47A1E0B4A5D006451C7 /* mobile-tvOS */,
				2D02E48F1E0B4A5D006451C7 /* mobile-tvOSTests */,
			);
		};
/* End PBXProject section */

/* Begin PBXResourcesBuildPhase section */
		00E356EC1AD99517003FC87E /* Resources */ = {
			isa = PBXResourcesBuildPhase;
			buildActionMask = 2147483647;
			files = (
			);
			runOnlyForDeploymentPostprocessing = 0;
		};
		13B07F8E1A680F5B00A75B9A /* Resources */ = {
			isa = PBXResourcesBuildPhase;
			buildActionMask = 2147483647;
			files = (
				81AB9BB82411601600AC10FF /* LaunchScreen.storyboard in Resources */,
				13B07FBF1A68108700A75B9A /* Images.xcassets in Resources */,
				98CCE06C4C4044E68640A2FD /* OpenSans-Bold.ttf in Resources */,
				58521AF31F5443DA8ABEE31B /* OpenSans-BoldItalic.ttf in Resources */,
				A9FCA0FDB32D4740B46A6EA5 /* OpenSans-ExtraBold.ttf in Resources */,
				DE776B37CF8F4B5B90883D3F /* OpenSans-ExtraBoldItalic.ttf in Resources */,
				DCCA7EEDC5A04B3D9AF727BA /* OpenSans-Italic.ttf in Resources */,
				181B37FB397A4A9ABC13E4A1 /* OpenSans-Light.ttf in Resources */,
				72DDEB7AC4E34D04AAC8BB9E /* OpenSans-LightItalic.ttf in Resources */,
				6D0D4263290147E284D5E260 /* OpenSans-Regular.ttf in Resources */,
				26787389FEF34FD3A17D2B6F /* OpenSans-SemiBold.ttf in Resources */,
				A96A221CA8CD4362912E94D2 /* OpenSans-SemiBoldItalic.ttf in Resources */,
				D7C188D50B194D3289818025 /* AntDesign.ttf in Resources */,
				23DB514699774712A97DA8B4 /* Entypo.ttf in Resources */,
				AC56686E8F9F415A96871A0C /* EvilIcons.ttf in Resources */,
				49B70875480E4A9995771756 /* Feather.ttf in Resources */,
				521992ADA9EE4E628674D09D /* FontAwesome.ttf in Resources */,
				42EFE06BBC6949EE9F072B0E /* FontAwesome5_Brands.ttf in Resources */,
				62804061D8914D868885417E /* FontAwesome5_Regular.ttf in Resources */,
				543FD2C93770444C9433CF36 /* FontAwesome5_Solid.ttf in Resources */,
				4A858C3637894E72AD84E834 /* Fontisto.ttf in Resources */,
				B148A68B54694058836AB301 /* Foundation.ttf in Resources */,
				20DBC9DCB3BC41A49AFBDBB9 /* Ionicons.ttf in Resources */,
				9A522EFC7D47427CB9CD559B /* MaterialCommunityIcons.ttf in Resources */,
				7DA293D5806D45E496A756B5 /* MaterialIcons.ttf in Resources */,
				5CE176B69FF949708E37B8E3 /* Octicons.ttf in Resources */,
				1CDA50D8ED5A4CCBBC5AE759 /* Roboto_medium.ttf in Resources */,
				A4FD22DC11074DC6B95D1028 /* Roboto.ttf in Resources */,
				E6D7D269781045BC91D53091 /* rubicon-icon-font.ttf in Resources */,
				5D46CD7363A74E8697368CFE /* SimpleLineIcons.ttf in Resources */,
				7BB7385CFB434DF482A10D25 /* Zocial.ttf in Resources */,
			);
			runOnlyForDeploymentPostprocessing = 0;
		};
		2D02E4791E0B4A5D006451C7 /* Resources */ = {
			isa = PBXResourcesBuildPhase;
			buildActionMask = 2147483647;
			files = (
				2D02E4BD1E0B4A84006451C7 /* Images.xcassets in Resources */,
			);
			runOnlyForDeploymentPostprocessing = 0;
		};
		2D02E48E1E0B4A5D006451C7 /* Resources */ = {
			isa = PBXResourcesBuildPhase;
			buildActionMask = 2147483647;
			files = (
			);
			runOnlyForDeploymentPostprocessing = 0;
		};
/* End PBXResourcesBuildPhase section */

/* Begin PBXShellScriptBuildPhase section */
		00DD1BFF1BD5951E006B06BC /* Bundle React Native code and images */ = {
			isa = PBXShellScriptBuildPhase;
			buildActionMask = 2147483647;
			files = (
			);
			inputPaths = (
			);
			name = "Bundle React Native code and images";
			outputPaths = (
			);
			runOnlyForDeploymentPostprocessing = 0;
			shellPath = /bin/sh;
			shellScript = "export NODE_BINARY=node\n../node_modules/react-native/scripts/react-native-xcode.sh";
		};
		1537EB9B07969B55A612D67A /* [CP] Check Pods Manifest.lock */ = {
			isa = PBXShellScriptBuildPhase;
			buildActionMask = 2147483647;
			files = (
			);
			inputFileListPaths = (
			);
			inputPaths = (
				"${PODS_PODFILE_DIR_PATH}/Podfile.lock",
				"${PODS_ROOT}/Manifest.lock",
			);
			name = "[CP] Check Pods Manifest.lock";
			outputFileListPaths = (
			);
			outputPaths = (
				"$(DERIVED_FILE_DIR)/Pods-mobile-tvOSTests-checkManifestLockResult.txt",
			);
			runOnlyForDeploymentPostprocessing = 0;
			shellPath = /bin/sh;
			shellScript = "diff \"${PODS_PODFILE_DIR_PATH}/Podfile.lock\" \"${PODS_ROOT}/Manifest.lock\" > /dev/null\nif [ $? != 0 ] ; then\n    # print error to STDERR\n    echo \"error: The sandbox is not in sync with the Podfile.lock. Run 'pod install' or update your CocoaPods installation.\" >&2\n    exit 1\nfi\n# This output is used by Xcode 'outputs' to avoid re-running this script phase.\necho \"SUCCESS\" > \"${SCRIPT_OUTPUT_FILE_0}\"\n";
			showEnvVarsInLog = 0;
		};
		1BC81F9B06198ADAD4E94059 /* [CP] Check Pods Manifest.lock */ = {
			isa = PBXShellScriptBuildPhase;
			buildActionMask = 2147483647;
			files = (
			);
			inputFileListPaths = (
			);
			inputPaths = (
				"${PODS_PODFILE_DIR_PATH}/Podfile.lock",
				"${PODS_ROOT}/Manifest.lock",
			);
			name = "[CP] Check Pods Manifest.lock";
			outputFileListPaths = (
			);
			outputPaths = (
				"$(DERIVED_FILE_DIR)/Pods-mobile-tvOS-checkManifestLockResult.txt",
			);
			runOnlyForDeploymentPostprocessing = 0;
			shellPath = /bin/sh;
			shellScript = "diff \"${PODS_PODFILE_DIR_PATH}/Podfile.lock\" \"${PODS_ROOT}/Manifest.lock\" > /dev/null\nif [ $? != 0 ] ; then\n    # print error to STDERR\n    echo \"error: The sandbox is not in sync with the Podfile.lock. Run 'pod install' or update your CocoaPods installation.\" >&2\n    exit 1\nfi\n# This output is used by Xcode 'outputs' to avoid re-running this script phase.\necho \"SUCCESS\" > \"${SCRIPT_OUTPUT_FILE_0}\"\n";
			showEnvVarsInLog = 0;
		};
		2D02E4CB1E0B4B27006451C7 /* Bundle React Native Code And Images */ = {
			isa = PBXShellScriptBuildPhase;
			buildActionMask = 2147483647;
			files = (
			);
			inputPaths = (
			);
			name = "Bundle React Native Code And Images";
			outputPaths = (
			);
			runOnlyForDeploymentPostprocessing = 0;
			shellPath = /bin/sh;
			shellScript = "export NODE_BINARY=node\n../node_modules/react-native/scripts/react-native-xcode.sh";
		};
		3606F99E4867AAA5210506BD /* [CP] Check Pods Manifest.lock */ = {
			isa = PBXShellScriptBuildPhase;
			buildActionMask = 2147483647;
			files = (
			);
			inputFileListPaths = (
			);
			inputPaths = (
				"${PODS_PODFILE_DIR_PATH}/Podfile.lock",
				"${PODS_ROOT}/Manifest.lock",
			);
			name = "[CP] Check Pods Manifest.lock";
			outputFileListPaths = (
			);
			outputPaths = (
				"$(DERIVED_FILE_DIR)/Pods-mobile-mobileTests-checkManifestLockResult.txt",
			);
			runOnlyForDeploymentPostprocessing = 0;
			shellPath = /bin/sh;
			shellScript = "diff \"${PODS_PODFILE_DIR_PATH}/Podfile.lock\" \"${PODS_ROOT}/Manifest.lock\" > /dev/null\nif [ $? != 0 ] ; then\n    # print error to STDERR\n    echo \"error: The sandbox is not in sync with the Podfile.lock. Run 'pod install' or update your CocoaPods installation.\" >&2\n    exit 1\nfi\n# This output is used by Xcode 'outputs' to avoid re-running this script phase.\necho \"SUCCESS\" > \"${SCRIPT_OUTPUT_FILE_0}\"\n";
			showEnvVarsInLog = 0;
		};
		479E7D537AD40DE3B7534B2E /* [CP] Embed Pods Frameworks */ = {
			isa = PBXShellScriptBuildPhase;
			buildActionMask = 2147483647;
			files = (
			);
			inputPaths = (
				"${PODS_ROOT}/Target Support Files/Pods-mobile/Pods-mobile-frameworks.sh",
				"${PODS_ROOT}/JitsiMeetSDK/Frameworks/JitsiMeet.framework",
				"${PODS_ROOT}/JitsiMeetSDK/Frameworks/WebRTC.framework",
			);
			name = "[CP] Embed Pods Frameworks";
			outputPaths = (
				"${TARGET_BUILD_DIR}/${FRAMEWORKS_FOLDER_PATH}/JitsiMeet.framework",
				"${TARGET_BUILD_DIR}/${FRAMEWORKS_FOLDER_PATH}/WebRTC.framework",
			);
			runOnlyForDeploymentPostprocessing = 0;
			shellPath = /bin/sh;
			shellScript = "\"${PODS_ROOT}/Target Support Files/Pods-mobile/Pods-mobile-frameworks.sh\"\n";
			showEnvVarsInLog = 0;
		};
		77561C71F466FCED07F4ABE1 /* [CP] Embed Pods Frameworks */ = {
			isa = PBXShellScriptBuildPhase;
			buildActionMask = 2147483647;
			files = (
			);
			inputPaths = (
				"${PODS_ROOT}/Target Support Files/Pods-mobile-mobileTests/Pods-mobile-mobileTests-frameworks.sh",
				"${PODS_ROOT}/JitsiMeetSDK/Frameworks/JitsiMeet.framework",
				"${PODS_ROOT}/JitsiMeetSDK/Frameworks/WebRTC.framework",
			);
			name = "[CP] Embed Pods Frameworks";
			outputPaths = (
				"${TARGET_BUILD_DIR}/${FRAMEWORKS_FOLDER_PATH}/JitsiMeet.framework",
				"${TARGET_BUILD_DIR}/${FRAMEWORKS_FOLDER_PATH}/WebRTC.framework",
			);
			runOnlyForDeploymentPostprocessing = 0;
			shellPath = /bin/sh;
			shellScript = "\"${PODS_ROOT}/Target Support Files/Pods-mobile-mobileTests/Pods-mobile-mobileTests-frameworks.sh\"\n";
			showEnvVarsInLog = 0;
		};
		788340AF2C5D6ABE900B7C76 /* [CP] Copy Pods Resources */ = {
			isa = PBXShellScriptBuildPhase;
			buildActionMask = 2147483647;
			files = (
			);
			inputPaths = (
				"${PODS_ROOT}/Target Support Files/Pods-mobile/Pods-mobile-resources.sh",
				"${PODS_CONFIGURATION_BUILD_DIR}/React-Core/AccessibilityResources.bundle",
			);
			name = "[CP] Copy Pods Resources";
			outputPaths = (
				"${TARGET_BUILD_DIR}/${UNLOCALIZED_RESOURCES_FOLDER_PATH}/AccessibilityResources.bundle",
			);
			runOnlyForDeploymentPostprocessing = 0;
			shellPath = /bin/sh;
			shellScript = "\"${PODS_ROOT}/Target Support Files/Pods-mobile/Pods-mobile-resources.sh\"\n";
			showEnvVarsInLog = 0;
		};
		78E213E20CAB4B97E780BAC5 /* [CP] Copy Pods Resources */ = {
			isa = PBXShellScriptBuildPhase;
			buildActionMask = 2147483647;
			files = (
			);
			inputPaths = (
				"${PODS_ROOT}/Target Support Files/Pods-mobile-mobileTests/Pods-mobile-mobileTests-resources.sh",
				"${PODS_CONFIGURATION_BUILD_DIR}/React-Core/AccessibilityResources.bundle",
			);
			name = "[CP] Copy Pods Resources";
			outputPaths = (
				"${TARGET_BUILD_DIR}/${UNLOCALIZED_RESOURCES_FOLDER_PATH}/AccessibilityResources.bundle",
			);
			runOnlyForDeploymentPostprocessing = 0;
			shellPath = /bin/sh;
			shellScript = "\"${PODS_ROOT}/Target Support Files/Pods-mobile-mobileTests/Pods-mobile-mobileTests-resources.sh\"\n";
			showEnvVarsInLog = 0;
		};
		FA345A08DA14084C6353A164 /* [CP] Check Pods Manifest.lock */ = {
			isa = PBXShellScriptBuildPhase;
			buildActionMask = 2147483647;
			files = (
			);
			inputFileListPaths = (
			);
			inputPaths = (
				"${PODS_PODFILE_DIR_PATH}/Podfile.lock",
				"${PODS_ROOT}/Manifest.lock",
			);
			name = "[CP] Check Pods Manifest.lock";
			outputFileListPaths = (
			);
			outputPaths = (
				"$(DERIVED_FILE_DIR)/Pods-mobile-checkManifestLockResult.txt",
			);
			runOnlyForDeploymentPostprocessing = 0;
			shellPath = /bin/sh;
			shellScript = "diff \"${PODS_PODFILE_DIR_PATH}/Podfile.lock\" \"${PODS_ROOT}/Manifest.lock\" > /dev/null\nif [ $? != 0 ] ; then\n    # print error to STDERR\n    echo \"error: The sandbox is not in sync with the Podfile.lock. Run 'pod install' or update your CocoaPods installation.\" >&2\n    exit 1\nfi\n# This output is used by Xcode 'outputs' to avoid re-running this script phase.\necho \"SUCCESS\" > \"${SCRIPT_OUTPUT_FILE_0}\"\n";
			showEnvVarsInLog = 0;
		};
		FD10A7F022414F080027D42C /* Start Packager */ = {
			isa = PBXShellScriptBuildPhase;
			buildActionMask = 2147483647;
			files = (
			);
			inputFileListPaths = (
			);
			inputPaths = (
			);
			name = "Start Packager";
			outputFileListPaths = (
			);
			outputPaths = (
			);
			runOnlyForDeploymentPostprocessing = 0;
			shellPath = /bin/sh;
			shellScript = "export RCT_METRO_PORT=\"${RCT_METRO_PORT:=8081}\"\necho \"export RCT_METRO_PORT=${RCT_METRO_PORT}\" > \"${SRCROOT}/../node_modules/react-native/scripts/.packager.env\"\nif [ -z \"${RCT_NO_LAUNCH_PACKAGER+xxx}\" ] ; then\n  if nc -w 5 -z localhost ${RCT_METRO_PORT} ; then\n    if ! curl -s \"http://localhost:${RCT_METRO_PORT}/status\" | grep -q \"packager-status:running\" ; then\n      echo \"Port ${RCT_METRO_PORT} already in use, packager is either not running or not running correctly\"\n      exit 2\n    fi\n  else\n    open \"$SRCROOT/../node_modules/react-native/scripts/launchPackager.command\" || echo \"Can't start packager automatically\"\n  fi\nfi\n";
			showEnvVarsInLog = 0;
		};
		FD10A7F122414F3F0027D42C /* Start Packager */ = {
			isa = PBXShellScriptBuildPhase;
			buildActionMask = 2147483647;
			files = (
			);
			inputFileListPaths = (
			);
			inputPaths = (
			);
			name = "Start Packager";
			outputFileListPaths = (
			);
			outputPaths = (
			);
			runOnlyForDeploymentPostprocessing = 0;
			shellPath = /bin/sh;
			shellScript = "export RCT_METRO_PORT=\"${RCT_METRO_PORT:=8081}\"\necho \"export RCT_METRO_PORT=${RCT_METRO_PORT}\" > \"${SRCROOT}/../node_modules/react-native/scripts/.packager.env\"\nif [ -z \"${RCT_NO_LAUNCH_PACKAGER+xxx}\" ] ; then\n  if nc -w 5 -z localhost ${RCT_METRO_PORT} ; then\n    if ! curl -s \"http://localhost:${RCT_METRO_PORT}/status\" | grep -q \"packager-status:running\" ; then\n      echo \"Port ${RCT_METRO_PORT} already in use, packager is either not running or not running correctly\"\n      exit 2\n    fi\n  else\n    open \"$SRCROOT/../node_modules/react-native/scripts/launchPackager.command\" || echo \"Can't start packager automatically\"\n  fi\nfi\n";
			showEnvVarsInLog = 0;
		};
/* End PBXShellScriptBuildPhase section */

/* Begin PBXSourcesBuildPhase section */
		00E356EA1AD99517003FC87E /* Sources */ = {
			isa = PBXSourcesBuildPhase;
			buildActionMask = 2147483647;
			files = (
				00E356F31AD99517003FC87E /* mobileTests.m in Sources */,
			);
			runOnlyForDeploymentPostprocessing = 0;
		};
		13B07F871A680F5B00A75B9A /* Sources */ = {
			isa = PBXSourcesBuildPhase;
			buildActionMask = 2147483647;
			files = (
				13B07FBC1A68108700A75B9A /* AppDelegate.m in Sources */,
				13B07FC11A68108700A75B9A /* main.m in Sources */,
			);
			runOnlyForDeploymentPostprocessing = 0;
		};
		2D02E4771E0B4A5D006451C7 /* Sources */ = {
			isa = PBXSourcesBuildPhase;
			buildActionMask = 2147483647;
			files = (
				2D02E4BF1E0B4AB3006451C7 /* main.m in Sources */,
				2D02E4BC1E0B4A80006451C7 /* AppDelegate.m in Sources */,
			);
			runOnlyForDeploymentPostprocessing = 0;
		};
		2D02E48C1E0B4A5D006451C7 /* Sources */ = {
			isa = PBXSourcesBuildPhase;
			buildActionMask = 2147483647;
			files = (
				2DCD954D1E0B4F2C00145EB5 /* mobileTests.m in Sources */,
			);
			runOnlyForDeploymentPostprocessing = 0;
		};
/* End PBXSourcesBuildPhase section */

/* Begin PBXTargetDependency section */
		00E356F51AD99517003FC87E /* PBXTargetDependency */ = {
			isa = PBXTargetDependency;
			target = 13B07F861A680F5B00A75B9A /* mobile */;
			targetProxy = 00E356F41AD99517003FC87E /* PBXContainerItemProxy */;
		};
		2D02E4921E0B4A5D006451C7 /* PBXTargetDependency */ = {
			isa = PBXTargetDependency;
			target = 2D02E47A1E0B4A5D006451C7 /* mobile-tvOS */;
			targetProxy = 2D02E4911E0B4A5D006451C7 /* PBXContainerItemProxy */;
		};
/* End PBXTargetDependency section */

/* Begin XCBuildConfiguration section */
		00E356F61AD99517003FC87E /* Debug */ = {
			isa = XCBuildConfiguration;
			baseConfigurationReference = D0769F870AC122477DF5A18B /* Pods-mobile-mobileTests.debug.xcconfig */;
			buildSettings = {
				BUNDLE_LOADER = "$(TEST_HOST)";
				GCC_PREPROCESSOR_DEFINITIONS = (
					"DEBUG=1",
					"$(inherited)",
				);
				INFOPLIST_FILE = mobileTests/Info.plist;
				IPHONEOS_DEPLOYMENT_TARGET = 10.0;
				LD_RUNPATH_SEARCH_PATHS = "$(inherited) @executable_path/Frameworks @loader_path/Frameworks";
				OTHER_LDFLAGS = (
					"-ObjC",
					"-lc++",
					"$(inherited)",
				);
				PRODUCT_BUNDLE_IDENTIFIER = "org.reactjs.native.example.$(PRODUCT_NAME:rfc1034identifier)";
				PRODUCT_NAME = "$(TARGET_NAME)";
				TEST_HOST = "$(BUILT_PRODUCTS_DIR)/mobile.app/mobile";
			};
			name = Debug;
		};
		00E356F71AD99517003FC87E /* Release */ = {
			isa = XCBuildConfiguration;
			baseConfigurationReference = 57AF87A3D5676B0F11C0C5F1 /* Pods-mobile-mobileTests.release.xcconfig */;
			buildSettings = {
				BUNDLE_LOADER = "$(TEST_HOST)";
				COPY_PHASE_STRIP = NO;
				INFOPLIST_FILE = mobileTests/Info.plist;
				IPHONEOS_DEPLOYMENT_TARGET = 10.0;
				LD_RUNPATH_SEARCH_PATHS = "$(inherited) @executable_path/Frameworks @loader_path/Frameworks";
				OTHER_LDFLAGS = (
					"-ObjC",
					"-lc++",
					"$(inherited)",
				);
				PRODUCT_BUNDLE_IDENTIFIER = "org.reactjs.native.example.$(PRODUCT_NAME:rfc1034identifier)";
				PRODUCT_NAME = "$(TARGET_NAME)";
				TEST_HOST = "$(BUILT_PRODUCTS_DIR)/mobile.app/mobile";
			};
			name = Release;
		};
		13B07F941A680F5B00A75B9A /* Debug */ = {
			isa = XCBuildConfiguration;
			baseConfigurationReference = 2858AA9B428DC1262838D878 /* Pods-mobile.debug.xcconfig */;
			buildSettings = {
				ASSETCATALOG_COMPILER_APPICON_NAME = AppIcon;
				CLANG_ENABLE_MODULES = YES;
				CURRENT_PROJECT_VERSION = 1;
				DEVELOPMENT_TEAM = J3467973V9;
				ENABLE_BITCODE = NO;
				INFOPLIST_FILE = mobile/Info.plist;
				LD_RUNPATH_SEARCH_PATHS = "$(inherited) @executable_path/Frameworks";
				OTHER_LDFLAGS = (
					"$(inherited)",
					"-ObjC",
					"-lc++",
				);
				PRODUCT_BUNDLE_IDENTIFIER = dannyphan.masterful.mobile;
				PRODUCT_NAME = mobile;
				SWIFT_OPTIMIZATION_LEVEL = "-Onone";
				SWIFT_VERSION = 5.0;
				VERSIONING_SYSTEM = "apple-generic";
			};
			name = Debug;
		};
		13B07F951A680F5B00A75B9A /* Release */ = {
			isa = XCBuildConfiguration;
			baseConfigurationReference = 82CE4EE3062B177CF292DE80 /* Pods-mobile.release.xcconfig */;
			buildSettings = {
				ASSETCATALOG_COMPILER_APPICON_NAME = AppIcon;
				CLANG_ENABLE_MODULES = YES;
				CURRENT_PROJECT_VERSION = 1;
				DEVELOPMENT_TEAM = J3467973V9;
				ENABLE_BITCODE = NO;
				INFOPLIST_FILE = mobile/Info.plist;
				LD_RUNPATH_SEARCH_PATHS = "$(inherited) @executable_path/Frameworks";
				OTHER_LDFLAGS = (
					"$(inherited)",
					"-ObjC",
					"-lc++",
				);
				PRODUCT_BUNDLE_IDENTIFIER = dannyphan.masterful.mobile;
				PRODUCT_NAME = mobile;
				SWIFT_VERSION = 5.0;
				VERSIONING_SYSTEM = "apple-generic";
			};
			name = Release;
		};
		2D02E4971E0B4A5E006451C7 /* Debug */ = {
			isa = XCBuildConfiguration;
			baseConfigurationReference = 9198B9D43C0B5509AA3A3647 /* Pods-mobile-tvOS.debug.xcconfig */;
			buildSettings = {
				ASSETCATALOG_COMPILER_APPICON_NAME = "App Icon & Top Shelf Image";
				ASSETCATALOG_COMPILER_LAUNCHIMAGE_NAME = LaunchImage;
				CLANG_ANALYZER_NONNULL = YES;
				CLANG_WARN_DOCUMENTATION_COMMENTS = YES;
				CLANG_WARN_INFINITE_RECURSION = YES;
				CLANG_WARN_SUSPICIOUS_MOVE = YES;
				DEBUG_INFORMATION_FORMAT = dwarf;
				ENABLE_TESTABILITY = YES;
				GCC_NO_COMMON_BLOCKS = YES;
				INFOPLIST_FILE = "mobile-tvOS/Info.plist";
				LD_RUNPATH_SEARCH_PATHS = "$(inherited) @executable_path/Frameworks";
				OTHER_LDFLAGS = (
					"$(inherited)",
					"-ObjC",
					"-lc++",
				);
				PRODUCT_BUNDLE_IDENTIFIER = "org.reactjs.native.example.mobile-tvOS";
				PRODUCT_NAME = "$(TARGET_NAME)";
				SDKROOT = appletvos;
				TARGETED_DEVICE_FAMILY = 3;
				TVOS_DEPLOYMENT_TARGET = 10.0;
			};
			name = Debug;
		};
		2D02E4981E0B4A5E006451C7 /* Release */ = {
			isa = XCBuildConfiguration;
			baseConfigurationReference = 9570BFA84944FC825DAD580E /* Pods-mobile-tvOS.release.xcconfig */;
			buildSettings = {
				ASSETCATALOG_COMPILER_APPICON_NAME = "App Icon & Top Shelf Image";
				ASSETCATALOG_COMPILER_LAUNCHIMAGE_NAME = LaunchImage;
				CLANG_ANALYZER_NONNULL = YES;
				CLANG_WARN_DOCUMENTATION_COMMENTS = YES;
				CLANG_WARN_INFINITE_RECURSION = YES;
				CLANG_WARN_SUSPICIOUS_MOVE = YES;
				COPY_PHASE_STRIP = NO;
				DEBUG_INFORMATION_FORMAT = "dwarf-with-dsym";
				GCC_NO_COMMON_BLOCKS = YES;
				INFOPLIST_FILE = "mobile-tvOS/Info.plist";
				LD_RUNPATH_SEARCH_PATHS = "$(inherited) @executable_path/Frameworks";
				OTHER_LDFLAGS = (
					"$(inherited)",
					"-ObjC",
					"-lc++",
				);
				PRODUCT_BUNDLE_IDENTIFIER = "org.reactjs.native.example.mobile-tvOS";
				PRODUCT_NAME = "$(TARGET_NAME)";
				SDKROOT = appletvos;
				TARGETED_DEVICE_FAMILY = 3;
				TVOS_DEPLOYMENT_TARGET = 10.0;
			};
			name = Release;
		};
		2D02E4991E0B4A5E006451C7 /* Debug */ = {
			isa = XCBuildConfiguration;
			baseConfigurationReference = 0C0239EA0077ED5BC0FFBB86 /* Pods-mobile-tvOSTests.debug.xcconfig */;
			buildSettings = {
				BUNDLE_LOADER = "$(TEST_HOST)";
				CLANG_ANALYZER_NONNULL = YES;
				CLANG_WARN_DOCUMENTATION_COMMENTS = YES;
				CLANG_WARN_INFINITE_RECURSION = YES;
				CLANG_WARN_SUSPICIOUS_MOVE = YES;
				DEBUG_INFORMATION_FORMAT = dwarf;
				ENABLE_TESTABILITY = YES;
				GCC_NO_COMMON_BLOCKS = YES;
				INFOPLIST_FILE = "mobile-tvOSTests/Info.plist";
				LD_RUNPATH_SEARCH_PATHS = "$(inherited) @executable_path/Frameworks @loader_path/Frameworks";
				OTHER_LDFLAGS = (
					"$(inherited)",
					"-ObjC",
					"-lc++",
				);
				PRODUCT_BUNDLE_IDENTIFIER = "org.reactjs.native.example.mobile-tvOSTests";
				PRODUCT_NAME = "$(TARGET_NAME)";
				SDKROOT = appletvos;
				TEST_HOST = "$(BUILT_PRODUCTS_DIR)/mobile-tvOS.app/mobile-tvOS";
				TVOS_DEPLOYMENT_TARGET = 10.1;
			};
			name = Debug;
		};
		2D02E49A1E0B4A5E006451C7 /* Release */ = {
			isa = XCBuildConfiguration;
			baseConfigurationReference = E7C1B7BAB23261036BED8D68 /* Pods-mobile-tvOSTests.release.xcconfig */;
			buildSettings = {
				BUNDLE_LOADER = "$(TEST_HOST)";
				CLANG_ANALYZER_NONNULL = YES;
				CLANG_WARN_DOCUMENTATION_COMMENTS = YES;
				CLANG_WARN_INFINITE_RECURSION = YES;
				CLANG_WARN_SUSPICIOUS_MOVE = YES;
				COPY_PHASE_STRIP = NO;
				DEBUG_INFORMATION_FORMAT = "dwarf-with-dsym";
				GCC_NO_COMMON_BLOCKS = YES;
				INFOPLIST_FILE = "mobile-tvOSTests/Info.plist";
				LD_RUNPATH_SEARCH_PATHS = "$(inherited) @executable_path/Frameworks @loader_path/Frameworks";
				OTHER_LDFLAGS = (
					"$(inherited)",
					"-ObjC",
					"-lc++",
				);
				PRODUCT_BUNDLE_IDENTIFIER = "org.reactjs.native.example.mobile-tvOSTests";
				PRODUCT_NAME = "$(TARGET_NAME)";
				SDKROOT = appletvos;
				TEST_HOST = "$(BUILT_PRODUCTS_DIR)/mobile-tvOS.app/mobile-tvOS";
				TVOS_DEPLOYMENT_TARGET = 10.1;
			};
			name = Release;
		};
		83CBBA201A601CBA00E9B192 /* Debug */ = {
			isa = XCBuildConfiguration;
			buildSettings = {
				ALWAYS_SEARCH_USER_PATHS = NO;
				CLANG_ANALYZER_LOCALIZABILITY_NONLOCALIZED = YES;
				CLANG_CXX_LANGUAGE_STANDARD = "gnu++0x";
				CLANG_CXX_LIBRARY = "libc++";
				CLANG_ENABLE_MODULES = YES;
				CLANG_ENABLE_OBJC_ARC = YES;
				CLANG_WARN_BLOCK_CAPTURE_AUTORELEASING = YES;
				CLANG_WARN_BOOL_CONVERSION = YES;
				CLANG_WARN_COMMA = YES;
				CLANG_WARN_CONSTANT_CONVERSION = YES;
				CLANG_WARN_DEPRECATED_OBJC_IMPLEMENTATIONS = YES;
				CLANG_WARN_DIRECT_OBJC_ISA_USAGE = YES_ERROR;
				CLANG_WARN_EMPTY_BODY = YES;
				CLANG_WARN_ENUM_CONVERSION = YES;
				CLANG_WARN_INFINITE_RECURSION = YES;
				CLANG_WARN_INT_CONVERSION = YES;
				CLANG_WARN_NON_LITERAL_NULL_CONVERSION = YES;
				CLANG_WARN_OBJC_IMPLICIT_RETAIN_SELF = YES;
				CLANG_WARN_OBJC_LITERAL_CONVERSION = YES;
				CLANG_WARN_OBJC_ROOT_CLASS = YES_ERROR;
				CLANG_WARN_RANGE_LOOP_ANALYSIS = YES;
				CLANG_WARN_STRICT_PROTOTYPES = YES;
				CLANG_WARN_SUSPICIOUS_MOVE = YES;
				CLANG_WARN_UNREACHABLE_CODE = YES;
				CLANG_WARN__DUPLICATE_METHOD_MATCH = YES;
				"CODE_SIGN_IDENTITY[sdk=iphoneos*]" = "iPhone Developer";
				COPY_PHASE_STRIP = NO;
				ENABLE_STRICT_OBJC_MSGSEND = YES;
				ENABLE_TESTABILITY = YES;
				GCC_C_LANGUAGE_STANDARD = gnu99;
				GCC_DYNAMIC_NO_PIC = NO;
				GCC_NO_COMMON_BLOCKS = YES;
				GCC_OPTIMIZATION_LEVEL = 0;
				GCC_PREPROCESSOR_DEFINITIONS = (
					"DEBUG=1",
					"$(inherited)",
				);
				GCC_SYMBOLS_PRIVATE_EXTERN = NO;
				GCC_WARN_64_TO_32_BIT_CONVERSION = YES;
				GCC_WARN_ABOUT_RETURN_TYPE = YES_ERROR;
				GCC_WARN_UNDECLARED_SELECTOR = YES;
				GCC_WARN_UNINITIALIZED_AUTOS = YES_AGGRESSIVE;
				GCC_WARN_UNUSED_FUNCTION = YES;
				GCC_WARN_UNUSED_VARIABLE = YES;
				IPHONEOS_DEPLOYMENT_TARGET = 10.0;
				LD_RUNPATH_SEARCH_PATHS = "/usr/lib/swift $(inherited)";
				LIBRARY_SEARCH_PATHS = (
					"\"$(TOOLCHAIN_DIR)/usr/lib/swift/$(PLATFORM_NAME)\"",
					"\"$(TOOLCHAIN_DIR)/usr/lib/swift-5.0/$(PLATFORM_NAME)\"",
					"\"$(inherited)\"",
				);
				MTL_ENABLE_DEBUG_INFO = YES;
				ONLY_ACTIVE_ARCH = YES;
				SDKROOT = iphoneos;
			};
			name = Debug;
		};
		83CBBA211A601CBA00E9B192 /* Release */ = {
			isa = XCBuildConfiguration;
			buildSettings = {
				ALWAYS_SEARCH_USER_PATHS = NO;
				CLANG_ANALYZER_LOCALIZABILITY_NONLOCALIZED = YES;
				CLANG_CXX_LANGUAGE_STANDARD = "gnu++0x";
				CLANG_CXX_LIBRARY = "libc++";
				CLANG_ENABLE_MODULES = YES;
				CLANG_ENABLE_OBJC_ARC = YES;
				CLANG_WARN_BLOCK_CAPTURE_AUTORELEASING = YES;
				CLANG_WARN_BOOL_CONVERSION = YES;
				CLANG_WARN_COMMA = YES;
				CLANG_WARN_CONSTANT_CONVERSION = YES;
				CLANG_WARN_DEPRECATED_OBJC_IMPLEMENTATIONS = YES;
				CLANG_WARN_DIRECT_OBJC_ISA_USAGE = YES_ERROR;
				CLANG_WARN_EMPTY_BODY = YES;
				CLANG_WARN_ENUM_CONVERSION = YES;
				CLANG_WARN_INFINITE_RECURSION = YES;
				CLANG_WARN_INT_CONVERSION = YES;
				CLANG_WARN_NON_LITERAL_NULL_CONVERSION = YES;
				CLANG_WARN_OBJC_IMPLICIT_RETAIN_SELF = YES;
				CLANG_WARN_OBJC_LITERAL_CONVERSION = YES;
				CLANG_WARN_OBJC_ROOT_CLASS = YES_ERROR;
				CLANG_WARN_RANGE_LOOP_ANALYSIS = YES;
				CLANG_WARN_STRICT_PROTOTYPES = YES;
				CLANG_WARN_SUSPICIOUS_MOVE = YES;
				CLANG_WARN_UNREACHABLE_CODE = YES;
				CLANG_WARN__DUPLICATE_METHOD_MATCH = YES;
				"CODE_SIGN_IDENTITY[sdk=iphoneos*]" = "iPhone Developer";
				COPY_PHASE_STRIP = YES;
				ENABLE_NS_ASSERTIONS = NO;
				ENABLE_STRICT_OBJC_MSGSEND = YES;
				GCC_C_LANGUAGE_STANDARD = gnu99;
				GCC_NO_COMMON_BLOCKS = YES;
				GCC_WARN_64_TO_32_BIT_CONVERSION = YES;
				GCC_WARN_ABOUT_RETURN_TYPE = YES_ERROR;
				GCC_WARN_UNDECLARED_SELECTOR = YES;
				GCC_WARN_UNINITIALIZED_AUTOS = YES_AGGRESSIVE;
				GCC_WARN_UNUSED_FUNCTION = YES;
				GCC_WARN_UNUSED_VARIABLE = YES;
				IPHONEOS_DEPLOYMENT_TARGET = 10.0;
				LD_RUNPATH_SEARCH_PATHS = "/usr/lib/swift $(inherited)";
				LIBRARY_SEARCH_PATHS = (
					"\"$(TOOLCHAIN_DIR)/usr/lib/swift/$(PLATFORM_NAME)\"",
					"\"$(TOOLCHAIN_DIR)/usr/lib/swift-5.0/$(PLATFORM_NAME)\"",
					"\"$(inherited)\"",
				);
				MTL_ENABLE_DEBUG_INFO = NO;
				SDKROOT = iphoneos;
				VALIDATE_PRODUCT = YES;
			};
			name = Release;
		};
/* End XCBuildConfiguration section */

/* Begin XCConfigurationList section */
		00E357021AD99517003FC87E /* Build configuration list for PBXNativeTarget "mobileTests" */ = {
			isa = XCConfigurationList;
			buildConfigurations = (
				00E356F61AD99517003FC87E /* Debug */,
				00E356F71AD99517003FC87E /* Release */,
			);
			defaultConfigurationIsVisible = 0;
			defaultConfigurationName = Release;
		};
		13B07F931A680F5B00A75B9A /* Build configuration list for PBXNativeTarget "mobile" */ = {
			isa = XCConfigurationList;
			buildConfigurations = (
				13B07F941A680F5B00A75B9A /* Debug */,
				13B07F951A680F5B00A75B9A /* Release */,
			);
			defaultConfigurationIsVisible = 0;
			defaultConfigurationName = Release;
		};
		2D02E4BA1E0B4A5E006451C7 /* Build configuration list for PBXNativeTarget "mobile-tvOS" */ = {
			isa = XCConfigurationList;
			buildConfigurations = (
				2D02E4971E0B4A5E006451C7 /* Debug */,
				2D02E4981E0B4A5E006451C7 /* Release */,
			);
			defaultConfigurationIsVisible = 0;
			defaultConfigurationName = Release;
		};
		2D02E4BB1E0B4A5E006451C7 /* Build configuration list for PBXNativeTarget "mobile-tvOSTests" */ = {
			isa = XCConfigurationList;
			buildConfigurations = (
				2D02E4991E0B4A5E006451C7 /* Debug */,
				2D02E49A1E0B4A5E006451C7 /* Release */,
			);
			defaultConfigurationIsVisible = 0;
			defaultConfigurationName = Release;
		};
		83CBB9FA1A601CBA00E9B192 /* Build configuration list for PBXProject "mobile" */ = {
			isa = XCConfigurationList;
			buildConfigurations = (
				83CBBA201A601CBA00E9B192 /* Debug */,
				83CBBA211A601CBA00E9B192 /* Release */,
			);
			defaultConfigurationIsVisible = 0;
			defaultConfigurationName = Release;
		};
/* End XCConfigurationList section */
	};
	rootObject = 83CBB9F71A601CBA00E9B192 /* Project object */;
}
